
Microsoft Visual Studio Solution File, Format Version 12.00
# Visual Studio Version 17
VisualStudioVersion = 17.4.33213.308
MinimumVisualStudioVersion = 10.0.40219.1
Project("{FAE04EC0-301F-11D3-BF4B-00C04F79EFBC}") = "APIMusica", "APIMusica.csproj", "{3CF5D6AE-3872-41A8-BFFF-AB57E44C2DDB}"
EndProject
Global
	GlobalSection(SolutionConfigurationPlatforms) = preSolution
		Debug|Any CPU = Debug|Any CPU
		Release|Any CPU = Release|Any CPU
	EndGlobalSection
	GlobalSection(ProjectConfigurationPlatforms) = postSolution
		{3CF5D6AE-3872-41A8-BFFF-AB57E44C2DDB}.Debug|Any CPU.ActiveCfg = Debug|Any CPU
		{3CF5D6AE-3872-41A8-BFFF-AB57E44C2DDB}.Debug|Any CPU.Build.0 = Debug|Any CPU
		{3CF5D6AE-3872-41A8-BFFF-AB57E44C2DDB}.Release|Any CPU.ActiveCfg = Release|Any CPU
		{3CF5D6AE-3872-41A8-BFFF-AB57E44C2DDB}.Release|Any CPU.Build.0 = Release|Any CPU
	EndGlobalSection
	GlobalSection(SolutionProperties) = preSolution
		HideSolutionNode = FALSE
	EndGlobalSection
	GlobalSection(ExtensibilityGlobals) = postSolution
		SolutionGuid = {33642440-B513-4AED-B6E1-754284C850E4}
	EndGlobalSection
EndGlobal
